# This file is automatically @generated by Cargo.
# It is not intended for manual editing.
[[package]]
name = "alloc"
version = "0.0.0"
dependencies = [
 "compiler_builtins",
 "core",
]

[[package]]
name = "anyhow"
version = "1.0.38"
source = "registry+https://github.com/rust-lang/crates.io-index"
checksum = "afddf7f520a80dbf76e6f50a35bca42a2331ef227a28b3b6dc5c2e2338d114b1"

[[package]]
name = "assert-instr-macro"
version = "0.1.0"
dependencies = [
 "proc-macro2",
 "quote",
 "syn",
]

[[package]]
name = "cc"
version = "1.0.67"
source = "registry+https://github.com/rust-lang/crates.io-index"
checksum = "e3c69b077ad434294d3ce9f1f6143a2a4b89a8a2d54ef813d85003a4fd1137fd"

[[package]]
name = "cfg-if"
version = "0.1.10"
source = "registry+https://github.com/rust-lang/crates.io-index"
checksum = "4785bdd1c96b2a846b2bd7cc02e86b6b3dbf14e7e53446c4f54c92a361040822"

[[package]]
name = "cfg-if"
version = "1.0.0"
dependencies = [
 "compiler_builtins",
 "core",
]

[[package]]
name = "compiler_builtins"
version = "0.1.39"
dependencies = [
 "cc",
 "core",
]

[[package]]
name = "core"
version = "0.0.0"

[[package]]
name = "core_arch"
version = "0.1.5"

[[package]]
name = "hashbrown"
version = "0.9.0"
dependencies = [
 "compiler_builtins",
 "rustc-std-workspace-alloc",
 "rustc-std-workspace-core 1.0.0",
]

[[package]]
name = "lazy_static"
version = "1.4.0"
source = "registry+https://github.com/rust-lang/crates.io-index"
checksum = "e2abad23fbc42b3700f2f279844dc832adb2b2eb069b2df918f455c4e18cc646"

[[package]]
name = "libc"
version = "0.2.83"
source = "registry+https://github.com/rust-lang/crates.io-index"
checksum = "7eb0c4e9c72ee9d69b767adebc5f4788462a3b45624acd919475c92597bcaf4f"
dependencies = [
 "rustc-std-workspace-core 1.0.0 (registry+https://github.com/rust-lang/crates.io-index)",
]

[[package]]
name = "libm"
version = "0.2.1"

[[package]]
name = "panic-handler"
version = "0.1.0"

[[package]]
name = "panic_abort"
version = "0.0.0"
dependencies = [
 "cfg-if 1.0.0",
 "compiler_builtins",
 "core",
 "libc",
]

[[package]]
name = "proc-macro2"
version = "1.0.24"
source = "registry+https://github.com/rust-lang/crates.io-index"
checksum = "1e0704ee1a7e00d7bb417d0770ea303c1bccbabf0ef1667dae92b5967f5f8a71"
dependencies = [
 "unicode-xid",
]

[[package]]
name = "quote"
version = "1.0.9"
source = "registry+https://github.com/rust-lang/crates.io-index"
checksum = "c3d0b9745dc2debf507c8422de05d7226cc1f0644216dfdfead988f9b1ab32a7"
dependencies = [
 "proc-macro2",
]

[[package]]
name = "rust_bpf_sysroot"
version = "0.0.1"
dependencies = [
 "alloc",
 "assert-instr-macro",
 "cfg-if 1.0.0",
 "compiler_builtins",
 "core",
 "core_arch",
 "hashbrown",
 "libc",
 "libm",
 "panic-handler",
 "panic_abort",
 "rustc-std-workspace-alloc",
 "rustc-std-workspace-core 1.0.0",
 "simd-test-macro",
 "std",
 "std_detect",
 "stdarch-test",
 "stdarch-verify",
]

[[package]]
name = "rustc-demangle"
version = "0.1.18"
source = "registry+https://github.com/rust-lang/crates.io-index"
checksum = "6e3bad0ee36814ca07d7968269dd4b7ec89ec2da10c4bb613928d3077083c232"

[[package]]
name = "rustc-std-workspace-alloc"
version = "1.0.0"
dependencies = [
 "alloc",
]

[[package]]
name = "rustc-std-workspace-core"
version = "1.0.0"
dependencies = [
 "core",
]

[[package]]
name = "rustc-std-workspace-core"
version = "1.0.0"
source = "registry+https://github.com/rust-lang/crates.io-index"
checksum = "1956f5517128a2b6f23ab2dadf1a976f4f5b27962e7724c2bf3d45e539ec098c"

[[package]]
name = "simd-test-macro"
version = "0.1.0"
dependencies = [
 "proc-macro2",
 "quote",
]

[[package]]
name = "std"
version = "0.0.0"
dependencies = [
 "alloc",
 "cfg-if 1.0.0",
 "compiler_builtins",
 "core",
 "hashbrown",
 "libc",
 "panic_abort",
]

[[package]]
name = "std_detect"
version = "0.1.5"
dependencies = [
 "cfg-if 0.1.10",
 "libc",
]

[[package]]
name = "stdarch-test"
version = "0.1.0"
dependencies = [
 "assert-instr-macro",
 "cc",
 "cfg-if 0.1.10",
 "lazy_static",
 "rustc-demangle",
 "simd-test-macro",
 "wasmprinter",
]

[[package]]
name = "stdarch-verify"
version = "0.1.0"
dependencies = [
 "proc-macro2",
 "quote",
 "syn",
]

[[package]]
name = "syn"
version = "1.0.62"
source = "registry+https://github.com/rust-lang/crates.io-index"
checksum = "123a78a3596b24fee53a6464ce52d8ecbf62241e6294c7e7fe12086cd161f512"
dependencies = [
 "proc-macro2",
 "quote",
 "unicode-xid",
]

[[package]]
name = "unicode-xid"
version = "0.2.1"
source = "registry+https://github.com/rust-lang/crates.io-index"
checksum = "f7fe0bb3479651439c9112f72b6c505038574c9fbb575ed1bf3b797fa39dd564"

[[package]]
name = "wasmparser"
version = "0.59.0"
source = "registry+https://github.com/rust-lang/crates.io-index"
checksum = "a950e6a618f62147fd514ff445b2a0b53120d382751960797f85f058c7eda9b9"

[[package]]
name = "wasmprinter"
version = "0.2.6"
source = "registry+https://github.com/rust-lang/crates.io-index"
checksum = "334551eb8b0b1be16cf366a54ce9b541ac32a96e9b51e67ebbae1696f108f112"
dependencies = [
 "anyhow",
 "wasmparser",
]
